// !$*UTF8*$!
{
	archiveVersion = 1;
	classes = {
	};
	objectVersion = 50;
	objects = {

/* Begin PBXBuildFile section */
		0441A10B26477052001774BD /* WebScrape.cpp in Sources */ = {isa = PBXBuildFile; fileRef = 0441A10926477052001774BD /* WebScrape.cpp */; };
		0441A1112647743E001774BD /* jsoncpp.cpp in Sources */ = {isa = PBXBuildFile; fileRef = 0441A1102647743E001774BD /* jsoncpp.cpp */; };
		0441A11C2647B5AD001774BD /* Visualization.cpp in Sources */ = {isa = PBXBuildFile; fileRef = 0441A11A2647B5AD001774BD /* Visualization.cpp */; };
		0441A11F2647B5C3001774BD /* Bootstrapping.cpp in Sources */ = {isa = PBXBuildFile; fileRef = 0441A11D2647B5C3001774BD /* Bootstrapping.cpp */; };
		044345242644DED7006D3FA2 /* main.cpp in Sources */ = {isa = PBXBuildFile; fileRef = 044345232644DED7006D3FA2 /* main.cpp */; };
		0443452D2644E02F006D3FA2 /* Matrix.cpp in Sources */ = {isa = PBXBuildFile; fileRef = 0443452B2644E02F006D3FA2 /* Matrix.cpp */; };
		044345332644E26D006D3FA2 /* Stock.cpp in Sources */ = {isa = PBXBuildFile; fileRef = 044345312644E26D006D3FA2 /* Stock.cpp */; };
		044345392644EB28006D3FA2 /* Util.cpp in Sources */ = {isa = PBXBuildFile; fileRef = 044345372644EB28006D3FA2 /* Util.cpp */; };
		047EE72F2649050D00C15E30 /* ZacksData.cpp in Sources */ = {isa = PBXBuildFile; fileRef = 047EE72D2649050D00C15E30 /* ZacksData.cpp */; };
/* End PBXBuildFile section */

/* Begin PBXCopyFilesBuildPhase section */
		0443451E2644DED7006D3FA2 /* CopyFiles */ = {
			isa = PBXCopyFilesBuildPhase;
			buildActionMask = 2147483647;
			dstPath = /usr/share/man/man1/;
			dstSubfolderSpec = 0;
			files = (
			);
			runOnlyForDeploymentPostprocessing = 1;
		};
/* End PBXCopyFilesBuildPhase section */

/* Begin PBXFileReference section */
		0441A10926477052001774BD /* WebScrape.cpp */ = {isa = PBXFileReference; lastKnownFileType = sourcecode.cpp.cpp; path = WebScrape.cpp; sourceTree = "<group>"; };
		0441A10A26477052001774BD /* WebScrape.hpp */ = {isa = PBXFileReference; lastKnownFileType = sourcecode.cpp.h; path = WebScrape.hpp; sourceTree = "<group>"; };
		0441A1102647743E001774BD /* jsoncpp.cpp */ = {isa = PBXFileReference; fileEncoding = 4; lastKnownFileType = sourcecode.cpp.cpp; path = jsoncpp.cpp; sourceTree = "<group>"; };
		0441A115264774CA001774BD /* json-forwards.h */ = {isa = PBXFileReference; fileEncoding = 4; lastKnownFileType = sourcecode.c.h; path = "json-forwards.h"; sourceTree = "<group>"; };
		0441A116264774CA001774BD /* json.h */ = {isa = PBXFileReference; fileEncoding = 4; lastKnownFileType = sourcecode.c.h; path = json.h; sourceTree = "<group>"; };
		0441A11A2647B5AD001774BD /* Visualization.cpp */ = {isa = PBXFileReference; lastKnownFileType = sourcecode.cpp.cpp; path = Visualization.cpp; sourceTree = "<group>"; };
		0441A11B2647B5AD001774BD /* Visualization.hpp */ = {isa = PBXFileReference; lastKnownFileType = sourcecode.cpp.h; path = Visualization.hpp; sourceTree = "<group>"; };
		0441A11D2647B5C3001774BD /* Bootstrapping.cpp */ = {isa = PBXFileReference; lastKnownFileType = sourcecode.cpp.cpp; path = Bootstrapping.cpp; sourceTree = "<group>"; };
		0441A11E2647B5C3001774BD /* Bootstrapping.hpp */ = {isa = PBXFileReference; lastKnownFileType = sourcecode.cpp.h; path = Bootstrapping.hpp; sourceTree = "<group>"; };
		0441A1222648FC62001774BD /* acutest.h */ = {isa = PBXFileReference; lastKnownFileType = sourcecode.c.h; path = acutest.h; sourceTree = "<group>"; };
		0441A12326490171001774BD /* test_unit.cpp */ = {isa = PBXFileReference; lastKnownFileType = sourcecode.cpp.cpp; path = test_unit.cpp; sourceTree = "<group>"; };
		044345202644DED7006D3FA2 /* FRE6883 Term Project */ = {isa = PBXFileReference; explicitFileType = "compiled.mach-o.executable"; includeInIndex = 0; path = "FRE6883 Term Project"; sourceTree = BUILT_PRODUCTS_DIR; };
		044345232644DED7006D3FA2 /* main.cpp */ = {isa = PBXFileReference; lastKnownFileType = sourcecode.cpp.cpp; path = main.cpp; sourceTree = "<group>"; };
		0443452B2644E02F006D3FA2 /* Matrix.cpp */ = {isa = PBXFileReference; lastKnownFileType = sourcecode.cpp.cpp; path = Matrix.cpp; sourceTree = "<group>"; };
		0443452C2644E02F006D3FA2 /* Matrix.hpp */ = {isa = PBXFileReference; lastKnownFileType = sourcecode.cpp.h; path = Matrix.hpp; sourceTree = "<group>"; };
		044345312644E26D006D3FA2 /* Stock.cpp */ = {isa = PBXFileReference; lastKnownFileType = sourcecode.cpp.cpp; path = Stock.cpp; sourceTree = "<group>"; };
		044345322644E26D006D3FA2 /* Stock.hpp */ = {isa = PBXFileReference; lastKnownFileType = sourcecode.cpp.h; path = Stock.hpp; sourceTree = "<group>"; };
		044345372644EB28006D3FA2 /* Util.cpp */ = {isa = PBXFileReference; lastKnownFileType = sourcecode.cpp.cpp; path = Util.cpp; sourceTree = "<group>"; };
		044345382644EB28006D3FA2 /* Util.hpp */ = {isa = PBXFileReference; lastKnownFileType = sourcecode.cpp.h; path = Util.hpp; sourceTree = "<group>"; };
		047EE72D2649050D00C15E30 /* ZacksData.cpp */ = {isa = PBXFileReference; lastKnownFileType = sourcecode.cpp.cpp; path = ZacksData.cpp; sourceTree = "<group>"; };
		047EE72E2649050D00C15E30 /* ZacksData.hpp */ = {isa = PBXFileReference; lastKnownFileType = sourcecode.cpp.h; path = ZacksData.hpp; sourceTree = "<group>"; };
/* End PBXFileReference section */

/* Begin PBXFrameworksBuildPhase section */
		0443451D2644DED7006D3FA2 /* Frameworks */ = {
			isa = PBXFrameworksBuildPhase;
			buildActionMask = 2147483647;
			files = (
			);
			runOnlyForDeploymentPostprocessing = 0;
		};
/* End PBXFrameworksBuildPhase section */

/* Begin PBXGroup section */
		0441A114264774CA001774BD /* json */ = {
			isa = PBXGroup;
			children = (
				0441A115264774CA001774BD /* json-forwards.h */,
				0441A116264774CA001774BD /* json.h */,
			);
			path = json;
			sourceTree = "<group>";
		};
		044345172644DED7006D3FA2 = {
			isa = PBXGroup;
			children = (
				044345222644DED7006D3FA2 /* FRE6883 Term Project */,
				044345212644DED7006D3FA2 /* Products */,
			);
			sourceTree = "<group>";
		};
		044345212644DED7006D3FA2 /* Products */ = {
			isa = PBXGroup;
			children = (
				044345202644DED7006D3FA2 /* FRE6883 Term Project */,
			);
			name = Products;
			sourceTree = "<group>";
		};
		044345222644DED7006D3FA2 /* FRE6883 Term Project */ = {
			isa = PBXGroup;
			children = (
				0441A114264774CA001774BD /* json */,
				0441A1102647743E001774BD /* jsoncpp.cpp */,
				044345312644E26D006D3FA2 /* Stock.cpp */,
				044345322644E26D006D3FA2 /* Stock.hpp */,
				0443452A2644DFFB006D3FA2 /* DataStructures */,
				044345232644DED7006D3FA2 /* main.cpp */,
				044345372644EB28006D3FA2 /* Util.cpp */,
				044345382644EB28006D3FA2 /* Util.hpp */,
				0441A10926477052001774BD /* WebScrape.cpp */,
				0441A10A26477052001774BD /* WebScrape.hpp */,
				0441A11A2647B5AD001774BD /* Visualization.cpp */,
				0441A11B2647B5AD001774BD /* Visualization.hpp */,
				0441A11D2647B5C3001774BD /* Bootstrapping.cpp */,
				0441A11E2647B5C3001774BD /* Bootstrapping.hpp */,
				047EE72D2649050D00C15E30 /* ZacksData.cpp */,
				047EE72E2649050D00C15E30 /* ZacksData.hpp */,
			);
			path = "FRE6883 Term Project";
			sourceTree = "<group>";
		};
		0443452A2644DFFB006D3FA2 /* DataStructures */ = {
			isa = PBXGroup;
			children = (
				0443452B2644E02F006D3FA2 /* Matrix.cpp */,
				0443452C2644E02F006D3FA2 /* Matrix.hpp */,
				0441A1222648FC62001774BD /* acutest.h */,
				0441A12326490171001774BD /* test_unit.cpp */,
			);
			path = DataStructures;
			sourceTree = "<group>";
		};
/* End PBXGroup section */

/* Begin PBXNativeTarget section */
		0443451F2644DED7006D3FA2 /* FRE6883 Term Project */ = {
			isa = PBXNativeTarget;
			buildConfigurationList = 044345272644DED7006D3FA2 /* Build configuration list for PBXNativeTarget "FRE6883 Term Project" */;
			buildPhases = (
				0443451C2644DED7006D3FA2 /* Sources */,
				0443451D2644DED7006D3FA2 /* Frameworks */,
				0443451E2644DED7006D3FA2 /* CopyFiles */,
			);
			buildRules = (
			);
			dependencies = (
			);
			name = "FRE6883 Term Project";
			productName = "FRE6883 Term Project";
			productReference = 044345202644DED7006D3FA2 /* FRE6883 Term Project */;
			productType = "com.apple.product-type.tool";
		};
/* End PBXNativeTarget section */

/* Begin PBXProject section */
		044345182644DED7006D3FA2 /* Project object */ = {
			isa = PBXProject;
			attributes = {
				LastUpgradeCheck = 1250;
				TargetAttributes = {
					0443451F2644DED7006D3FA2 = {
						CreatedOnToolsVersion = 12.5;
					};
				};
			};
			buildConfigurationList = 0443451B2644DED7006D3FA2 /* Build configuration list for PBXProject "FRE6883 Term Project" */;
			compatibilityVersion = "Xcode 9.3";
			developmentRegion = en;
			hasScannedForEncodings = 0;
			knownRegions = (
				en,
				Base,
			);
			mainGroup = 044345172644DED7006D3FA2;
			productRefGroup = 044345212644DED7006D3FA2 /* Products */;
			projectDirPath = "";
			projectRoot = "";
			targets = (
				0443451F2644DED7006D3FA2 /* FRE6883 Term Project */,
			);
		};
/* End PBXProject section */

/* Begin PBXSourcesBuildPhase section */
		0443451C2644DED7006D3FA2 /* Sources */ = {
			isa = PBXSourcesBuildPhase;
			buildActionMask = 2147483647;
			files = (
				0441A11F2647B5C3001774BD /* Bootstrapping.cpp in Sources */,
				0441A1112647743E001774BD /* jsoncpp.cpp in Sources */,
				0441A11C2647B5AD001774BD /* Visualization.cpp in Sources */,
				047EE72F2649050D00C15E30 /* ZacksData.cpp in Sources */,
				0443452D2644E02F006D3FA2 /* Matrix.cpp in Sources */,
				044345242644DED7006D3FA2 /* main.cpp in Sources */,
				044345332644E26D006D3FA2 /* Stock.cpp in Sources */,
				044345392644EB28006D3FA2 /* Util.cpp in Sources */,
				0441A10B26477052001774BD /* WebScrape.cpp in Sources */,
			);
			runOnlyForDeploymentPostprocessing = 0;
		};
/* End PBXSourcesBuildPhase section */

/* Begin XCBuildConfiguration section */
		044345252644DED7006D3FA2 /* Debug */ = {
			isa = XCBuildConfiguration;
			buildSettings = {
				ALWAYS_SEARCH_USER_PATHS = NO;
				CLANG_ANALYZER_NONNULL = YES;
				CLANG_ANALYZER_NUMBER_OBJECT_CONVERSION = YES_AGGRESSIVE;
				CLANG_CXX_LANGUAGE_STANDARD = "gnu++14";
				CLANG_CXX_LIBRARY = "libc++";
				CLANG_ENABLE_MODULES = YES;
				CLANG_ENABLE_OBJC_ARC = YES;
				CLANG_ENABLE_OBJC_WEAK = YES;
				CLANG_WARN_BLOCK_CAPTURE_AUTORELEASING = YES;
				CLANG_WARN_BOOL_CONVERSION = YES;
				CLANG_WARN_COMMA = YES;
				CLANG_WARN_CONSTANT_CONVERSION = YES;
				CLANG_WARN_DEPRECATED_OBJC_IMPLEMENTATIONS = YES;
				CLANG_WARN_DIRECT_OBJC_ISA_USAGE = YES_ERROR;
				CLANG_WARN_DOCUMENTATION_COMMENTS = YES;
				CLANG_WARN_EMPTY_BODY = YES;
				CLANG_WARN_ENUM_CONVERSION = YES;
				CLANG_WARN_INFINITE_RECURSION = YES;
				CLANG_WARN_INT_CONVERSION = YES;
				CLANG_WARN_NON_LITERAL_NULL_CONVERSION = YES;
				CLANG_WARN_OBJC_IMPLICIT_RETAIN_SELF = YES;
				CLANG_WARN_OBJC_LITERAL_CONVERSION = YES;
				CLANG_WARN_OBJC_ROOT_CLASS = YES_ERROR;
				CLANG_WARN_QUOTED_INCLUDE_IN_FRAMEWORK_HEADER = YES;
				CLANG_WARN_RANGE_LOOP_ANALYSIS = YES;
				CLANG_WARN_STRICT_PROTOTYPES = YES;
				CLANG_WARN_SUSPICIOUS_MOVE = YES;
				CLANG_WARN_UNGUARDED_AVAILABILITY = YES_AGGRESSIVE;
				CLANG_WARN_UNREACHABLE_CODE = YES;
				CLANG_WARN__DUPLICATE_METHOD_MATCH = YES;
				COPY_PHASE_STRIP = NO;
				DEBUG_INFORMATION_FORMAT = dwarf;
				ENABLE_STRICT_OBJC_MSGSEND = YES;
				ENABLE_TESTABILITY = YES;
				GCC_C_LANGUAGE_STANDARD = gnu11;
				GCC_DYNAMIC_NO_PIC = NO;
				GCC_NO_COMMON_BLOCKS = YES;
				GCC_OPTIMIZATION_LEVEL = 0;
				GCC_PREPROCESSOR_DEFINITIONS = (
					"DEBUG=1",
					"$(inherited)",
				);
				GCC_WARN_64_TO_32_BIT_CONVERSION = YES;
				GCC_WARN_ABOUT_RETURN_TYPE = YES_ERROR;
				GCC_WARN_UNDECLARED_SELECTOR = YES;
				GCC_WARN_UNINITIALIZED_AUTOS = YES_AGGRESSIVE;
				GCC_WARN_UNUSED_FUNCTION = YES;
				GCC_WARN_UNUSED_VARIABLE = YES;
				MACOSX_DEPLOYMENT_TARGET = 11.3;
				MTL_ENABLE_DEBUG_INFO = INCLUDE_SOURCE;
				MTL_FAST_MATH = YES;
				ONLY_ACTIVE_ARCH = YES;
				"OTHER_LDFLAGS[arch=*]" = (
					"-lcurl",
					"-lpthread",
				);
				SDKROOT = macosx;
			};
			name = Debug;
		};
		044345262644DED7006D3FA2 /* Release */ = {
			isa = XCBuildConfiguration;
			buildSettings = {
				ALWAYS_SEARCH_USER_PATHS = NO;
				CLANG_ANALYZER_NONNULL = YES;
				CLANG_ANALYZER_NUMBER_OBJECT_CONVERSION = YES_AGGRESSIVE;
				CLANG_CXX_LANGUAGE_STANDARD = "gnu++14";
				CLANG_CXX_LIBRARY = "libc++";
				CLANG_ENABLE_MODULES = YES;
				CLANG_ENABLE_OBJC_ARC = YES;
				CLANG_ENABLE_OBJC_WEAK = YES;
				CLANG_WARN_BLOCK_CAPTURE_AUTORELEASING = YES;
				CLANG_WARN_BOOL_CONVERSION = YES;
				CLANG_WARN_COMMA = YES;
				CLANG_WARN_CONSTANT_CONVERSION = YES;
				CLANG_WARN_DEPRECATED_OBJC_IMPLEMENTATIONS = YES;
				CLANG_WARN_DIRECT_OBJC_ISA_USAGE = YES_ERROR;
				CLANG_WARN_DOCUMENTATION_COMMENTS = YES;
				CLANG_WARN_EMPTY_BODY = YES;
				CLANG_WARN_ENUM_CONVERSION = YES;
				CLANG_WARN_INFINITE_RECURSION = YES;
				CLANG_WARN_INT_CONVERSION = YES;
				CLANG_WARN_NON_LITERAL_NULL_CONVERSION = YES;
				CLANG_WARN_OBJC_IMPLICIT_RETAIN_SELF = YES;
				CLANG_WARN_OBJC_LITERAL_CONVERSION = YES;
				CLANG_WARN_OBJC_ROOT_CLASS = YES_ERROR;
				CLANG_WARN_QUOTED_INCLUDE_IN_FRAMEWORK_HEADER = YES;
				CLANG_WARN_RANGE_LOOP_ANALYSIS = YES;
				CLANG_WARN_STRICT_PROTOTYPES = YES;
				CLANG_WARN_SUSPICIOUS_MOVE = YES;
				CLANG_WARN_UNGUARDED_AVAILABILITY = YES_AGGRESSIVE;
				CLANG_WARN_UNREACHABLE_CODE = YES;
				CLANG_WARN__DUPLICATE_METHOD_MATCH = YES;
				COPY_PHASE_STRIP = NO;
				DEBUG_INFORMATION_FORMAT = "dwarf-with-dsym";
				ENABLE_NS_ASSERTIONS = NO;
				ENABLE_STRICT_OBJC_MSGSEND = YES;
				GCC_C_LANGUAGE_STANDARD = gnu11;
				GCC_NO_COMMON_BLOCKS = YES;
				GCC_WARN_64_TO_32_BIT_CONVERSION = YES;
				GCC_WARN_ABOUT_RETURN_TYPE = YES_ERROR;
				GCC_WARN_UNDECLARED_SELECTOR = YES;
				GCC_WARN_UNINITIALIZED_AUTOS = YES_AGGRESSIVE;
				GCC_WARN_UNUSED_FUNCTION = YES;
				GCC_WARN_UNUSED_VARIABLE = YES;
				MACOSX_DEPLOYMENT_TARGET = 11.3;
				MTL_ENABLE_DEBUG_INFO = NO;
				MTL_FAST_MATH = YES;
				"OTHER_LDFLAGS[arch=*]" = (
					"-lcurl",
					"-lpthread",
				);
				SDKROOT = macosx;
			};
			name = Release;
		};
		044345282644DED7006D3FA2 /* Debug */ = {
			isa = XCBuildConfiguration;
			buildSettings = {
				CODE_SIGN_IDENTITY = "-";
				CODE_SIGN_STYLE = Automatic;
				"OTHER_LDFLAGS[arch=*]" = "-lcurl";
				PRODUCT_NAME = "$(TARGET_NAME)";
			};
			name = Debug;
		};
		044345292644DED7006D3FA2 /* Release */ = {
			isa = XCBuildConfiguration;
			buildSettings = {
				CODE_SIGN_IDENTITY = "-";
				CODE_SIGN_STYLE = Automatic;
				"OTHER_LDFLAGS[arch=*]" = "-lcurl";
				PRODUCT_NAME = "$(TARGET_NAME)";
			};
			name = Release;
		};
/* End XCBuildConfiguration section */

/* Begin XCConfigurationList section */
		0443451B2644DED7006D3FA2 /* Build configuration list for PBXProject "FRE6883 Term Project" */ = {
			isa = XCConfigurationList;
			buildConfigurations = (
				044345252644DED7006D3FA2 /* Debug */,
				044345262644DED7006D3FA2 /* Release */,
			);
			defaultConfigurationIsVisible = 0;
			defaultConfigurationName = Release;
		};
		044345272644DED7006D3FA2 /* Build configuration list for PBXNativeTarget "FRE6883 Term Project" */ = {
			isa = XCConfigurationList;
			buildConfigurations = (
				044345282644DED7006D3FA2 /* Debug */,
				044345292644DED7006D3FA2 /* Release */,
			);
			defaultConfigurationIsVisible = 0;
			defaultConfigurationName = Release;
		};
/* End XCConfigurationList section */
	};
	rootObject = 044345182644DED7006D3FA2 /* Project object */;
}
